
Microsoft Visual Studio Solution File, Format Version 12.00
# Visual Studio Version 17
VisualStudioVersion = 17.0.32014.148
MinimumVisualStudioVersion = 10.0.40219.1
Project("{2150E333-8FDC-42A3-9474-1A3956D46DE8}") = "src", "src", "{E9ADB00B-E6EC-4E7B-B5B2-FBE9ABC1BC25}"
EndProject
Project("{2150E333-8FDC-42A3-9474-1A3956D46DE8}") = "Core", "Core", "{D191FE15-BB2B-43A5-81D4-6EF59EECB159}"
EndProject
Project("{2150E333-8FDC-42A3-9474-1A3956D46DE8}") = "Infrastructure", "Infrastructure", "{533C0B00-3176-439B-9BFE-F4D77D4FE9A8}"
EndProject
Project("{9A19103F-16F7-4668-BE54-9A1E7A4F7556}") = "Clean.Application", "src\Core\Clean.Application\Clean.Application.csproj", "{C53A5427-D83F-4FFF-A31A-A3D2A195E424}"
EndProject
Project("{9A19103F-16F7-4668-BE54-9A1E7A4F7556}") = "Clean.Domain", "src\Core\Clean.Domain\Clean.Domain.csproj", "{C8CA8B85-431D-4BD6-BCB8-3733D881AD63}"
EndProject
Project("{9A19103F-16F7-4668-BE54-9A1E7A4F7556}") = "Clean.Identity", "src\Infrastructure\Clean.Identity\Clean.Identity.csproj", "{A527C09C-F211-458C-A6AF-CE65D63ADF68}"
EndProject
Project("{9A19103F-16F7-4668-BE54-9A1E7A4F7556}") = "Clean.Infrastructure", "src\Infrastructure\Clean.Infrastructure\Clean.Infrastructure.csproj", "{675F547B-CD42-4ADB-89DB-7DBE1728153C}"
EndProject
Project("{9A19103F-16F7-4668-BE54-9A1E7A4F7556}") = "Clean.Persistence", "src\Infrastructure\Clean.Persistence\Clean.Persistence.csproj", "{57446830-D750-46EE-A59F-633454A554F5}"
EndProject
Project("{2150E333-8FDC-42A3-9474-1A3956D46DE8}") = "test", "test", "{9C41E9A6-3C0F-4584-975E-707F02DC1226}"
EndProject
Project("{9A19103F-16F7-4668-BE54-9A1E7A4F7556}") = "Clean.Persistence.IntegrationTests", "test\Clean.Persistence.IntegrationTests\Clean.Persistence.IntegrationTests.csproj", "{3B9B9552-98C2-43F0-8658-F6E86BF3298D}"
	ProjectSection(ProjectDependencies) = postProject
		{C53A5427-D83F-4FFF-A31A-A3D2A195E424} = {C53A5427-D83F-4FFF-A31A-A3D2A195E424}
		{C8CA8B85-431D-4BD6-BCB8-3733D881AD63} = {C8CA8B85-431D-4BD6-BCB8-3733D881AD63}
		{57446830-D750-46EE-A59F-633454A554F5} = {57446830-D750-46EE-A59F-633454A554F5}
		{A527C09C-F211-458C-A6AF-CE65D63ADF68} = {A527C09C-F211-458C-A6AF-CE65D63ADF68}
	EndProjectSection
EndProject
Project("{9A19103F-16F7-4668-BE54-9A1E7A4F7556}") = "Clean.Application.UnitTests", "test\Clean.Application.UnitTests\Clean.Application.UnitTests.csproj", "{C72C7516-7B51-458F-AA66-847C374A2910}"
EndProject
Project("{9A19103F-16F7-4668-BE54-9A1E7A4F7556}") = "Clean.Identity.UnitTests", "test\Clean.Identity.UnitTests\Clean.Identity.UnitTests.csproj", "{8B717B66-6D0B-4BEA-9038-BD5F37203909}"
EndProject
Project("{9A19103F-16F7-4668-BE54-9A1E7A4F7556}") = "Clean.Infrastructure.UnitTests", "test\Clean.Infrastructure.UnitTests\Clean.Infrastructure.UnitTests.csproj", "{2E24035B-73E1-4E48-B52B-AEEC637BCD1B}"
EndProject
Project("{2150E333-8FDC-42A3-9474-1A3956D46DE8}") = "API", "API", "{E81EE9A5-1245-4E3B-A7A5-05648049860F}"
EndProject
Project("{9A19103F-16F7-4668-BE54-9A1E7A4F7556}") = "Clean.Api", "src\API\Clean.Api\Clean.Api.csproj", "{2BB387AA-7C57-4BD5-9647-BE3D94BADEFE}"
EndProject
Project("{9A19103F-16F7-4668-BE54-9A1E7A4F7556}") = "Clean.API.IntegrationTests", "test\Clean.API.IntegrationTests\Clean.API.IntegrationTests.csproj", "{315D3B68-3521-4571-AC71-66DFE1F84AEA}"
EndProject
Project("{9A19103F-16F7-4668-BE54-9A1E7A4F7556}") = "Clean.API.UnitTests", "test\Clean.API.UnitTests\Clean.API.UnitTests.csproj", "{876D21A2-2EF2-456C-A76B-E81D16875103}"
EndProject
Global
	GlobalSection(SolutionConfigurationPlatforms) = preSolution
		Debug|Any CPU = Debug|Any CPU
		Release|Any CPU = Release|Any CPU
	EndGlobalSection
	GlobalSection(ProjectConfigurationPlatforms) = postSolution
		{C53A5427-D83F-4FFF-A31A-A3D2A195E424}.Debug|Any CPU.ActiveCfg = Debug|Any CPU
		{C53A5427-D83F-4FFF-A31A-A3D2A195E424}.Debug|Any CPU.Build.0 = Debug|Any CPU
		{C53A5427-D83F-4FFF-A31A-A3D2A195E424}.Release|Any CPU.ActiveCfg = Release|Any CPU
		{C53A5427-D83F-4FFF-A31A-A3D2A195E424}.Release|Any CPU.Build.0 = Release|Any CPU
		{C8CA8B85-431D-4BD6-BCB8-3733D881AD63}.Debug|Any CPU.ActiveCfg = Debug|Any CPU
		{C8CA8B85-431D-4BD6-BCB8-3733D881AD63}.Debug|Any CPU.Build.0 = Debug|Any CPU
		{C8CA8B85-431D-4BD6-BCB8-3733D881AD63}.Release|Any CPU.ActiveCfg = Release|Any CPU
		{C8CA8B85-431D-4BD6-BCB8-3733D881AD63}.Release|Any CPU.Build.0 = Release|Any CPU
		{A527C09C-F211-458C-A6AF-CE65D63ADF68}.Debug|Any CPU.ActiveCfg = Debug|Any CPU
		{A527C09C-F211-458C-A6AF-CE65D63ADF68}.Debug|Any CPU.Build.0 = Debug|Any CPU
		{A527C09C-F211-458C-A6AF-CE65D63ADF68}.Release|Any CPU.ActiveCfg = Release|Any CPU
		{A527C09C-F211-458C-A6AF-CE65D63ADF68}.Release|Any CPU.Build.0 = Release|Any CPU
		{675F547B-CD42-4ADB-89DB-7DBE1728153C}.Debug|Any CPU.ActiveCfg = Debug|Any CPU
		{675F547B-CD42-4ADB-89DB-7DBE1728153C}.Debug|Any CPU.Build.0 = Debug|Any CPU
		{675F547B-CD42-4ADB-89DB-7DBE1728153C}.Release|Any CPU.ActiveCfg = Release|Any CPU
		{675F547B-CD42-4ADB-89DB-7DBE1728153C}.Release|Any CPU.Build.0 = Release|Any CPU
		{57446830-D750-46EE-A59F-633454A554F5}.Debug|Any CPU.ActiveCfg = Debug|Any CPU
		{57446830-D750-46EE-A59F-633454A554F5}.Debug|Any CPU.Build.0 = Debug|Any CPU
		{57446830-D750-46EE-A59F-633454A554F5}.Release|Any CPU.ActiveCfg = Release|Any CPU
		{57446830-D750-46EE-A59F-633454A554F5}.Release|Any CPU.Build.0 = Release|Any CPU
		{3B9B9552-98C2-43F0-8658-F6E86BF3298D}.Debug|Any CPU.ActiveCfg = Debug|Any CPU
		{3B9B9552-98C2-43F0-8658-F6E86BF3298D}.Debug|Any CPU.Build.0 = Debug|Any CPU
		{3B9B9552-98C2-43F0-8658-F6E86BF3298D}.Release|Any CPU.ActiveCfg = Release|Any CPU
		{3B9B9552-98C2-43F0-8658-F6E86BF3298D}.Release|Any CPU.Build.0 = Release|Any CPU
		{C72C7516-7B51-458F-AA66-847C374A2910}.Debug|Any CPU.ActiveCfg = Debug|Any CPU
		{C72C7516-7B51-458F-AA66-847C374A2910}.Debug|Any CPU.Build.0 = Debug|Any CPU
		{C72C7516-7B51-458F-AA66-847C374A2910}.Release|Any CPU.ActiveCfg = Release|Any CPU
		{C72C7516-7B51-458F-AA66-847C374A2910}.Release|Any CPU.Build.0 = Release|Any CPU
		{8B717B66-6D0B-4BEA-9038-BD5F37203909}.Debug|Any CPU.ActiveCfg = Debug|Any CPU
		{8B717B66-6D0B-4BEA-9038-BD5F37203909}.Debug|Any CPU.Build.0 = Debug|Any CPU
		{8B717B66-6D0B-4BEA-9038-BD5F37203909}.Release|Any CPU.ActiveCfg = Release|Any CPU
		{8B717B66-6D0B-4BEA-9038-BD5F37203909}.Release|Any CPU.Build.0 = Release|Any CPU
		{2E24035B-73E1-4E48-B52B-AEEC637BCD1B}.Debug|Any CPU.ActiveCfg = Debug|Any CPU
		{2E24035B-73E1-4E48-B52B-AEEC637BCD1B}.Debug|Any CPU.Build.0 = Debug|Any CPU
		{2E24035B-73E1-4E48-B52B-AEEC637BCD1B}.Release|Any CPU.ActiveCfg = Release|Any CPU
		{2E24035B-73E1-4E48-B52B-AEEC637BCD1B}.Release|Any CPU.Build.0 = Release|Any CPU
		{2BB387AA-7C57-4BD5-9647-BE3D94BADEFE}.Debug|Any CPU.ActiveCfg = Debug|Any CPU
		{2BB387AA-7C57-4BD5-9647-BE3D94BADEFE}.Debug|Any CPU.Build.0 = Debug|Any CPU
		{2BB387AA-7C57-4BD5-9647-BE3D94BADEFE}.Release|Any CPU.ActiveCfg = Release|Any CPU
		{2BB387AA-7C57-4BD5-9647-BE3D94BADEFE}.Release|Any CPU.Build.0 = Release|Any CPU
		{315D3B68-3521-4571-AC71-66DFE1F84AEA}.Debug|Any CPU.ActiveCfg = Debug|Any CPU
		{315D3B68-3521-4571-AC71-66DFE1F84AEA}.Debug|Any CPU.Build.0 = Debug|Any CPU
		{315D3B68-3521-4571-AC71-66DFE1F84AEA}.Release|Any CPU.ActiveCfg = Release|Any CPU
		{315D3B68-3521-4571-AC71-66DFE1F84AEA}.Release|Any CPU.Build.0 = Release|Any CPU
		{876D21A2-2EF2-456C-A76B-E81D16875103}.Debug|Any CPU.ActiveCfg = Debug|Any CPU
		{876D21A2-2EF2-456C-A76B-E81D16875103}.Debug|Any CPU.Build.0 = Debug|Any CPU
		{876D21A2-2EF2-456C-A76B-E81D16875103}.Release|Any CPU.ActiveCfg = Release|Any CPU
		{876D21A2-2EF2-456C-A76B-E81D16875103}.Release|Any CPU.Build.0 = Release|Any CPU
	EndGlobalSection
	GlobalSection(SolutionProperties) = preSolution
		HideSolutionNode = FALSE
	EndGlobalSection
	GlobalSection(NestedProjects) = preSolution
		{D191FE15-BB2B-43A5-81D4-6EF59EECB159} = {E9ADB00B-E6EC-4E7B-B5B2-FBE9ABC1BC25}
		{533C0B00-3176-439B-9BFE-F4D77D4FE9A8} = {E9ADB00B-E6EC-4E7B-B5B2-FBE9ABC1BC25}
		{C53A5427-D83F-4FFF-A31A-A3D2A195E424} = {D191FE15-BB2B-43A5-81D4-6EF59EECB159}
		{C8CA8B85-431D-4BD6-BCB8-3733D881AD63} = {D191FE15-BB2B-43A5-81D4-6EF59EECB159}
		{A527C09C-F211-458C-A6AF-CE65D63ADF68} = {533C0B00-3176-439B-9BFE-F4D77D4FE9A8}
		{675F547B-CD42-4ADB-89DB-7DBE1728153C} = {533C0B00-3176-439B-9BFE-F4D77D4FE9A8}
		{57446830-D750-46EE-A59F-633454A554F5} = {533C0B00-3176-439B-9BFE-F4D77D4FE9A8}
		{3B9B9552-98C2-43F0-8658-F6E86BF3298D} = {9C41E9A6-3C0F-4584-975E-707F02DC1226}
		{C72C7516-7B51-458F-AA66-847C374A2910} = {9C41E9A6-3C0F-4584-975E-707F02DC1226}
		{8B717B66-6D0B-4BEA-9038-BD5F37203909} = {9C41E9A6-3C0F-4584-975E-707F02DC1226}
		{2E24035B-73E1-4E48-B52B-AEEC637BCD1B} = {9C41E9A6-3C0F-4584-975E-707F02DC1226}
		{E81EE9A5-1245-4E3B-A7A5-05648049860F} = {E9ADB00B-E6EC-4E7B-B5B2-FBE9ABC1BC25}
		{2BB387AA-7C57-4BD5-9647-BE3D94BADEFE} = {E81EE9A5-1245-4E3B-A7A5-05648049860F}
		{315D3B68-3521-4571-AC71-66DFE1F84AEA} = {9C41E9A6-3C0F-4584-975E-707F02DC1226}
		{876D21A2-2EF2-456C-A76B-E81D16875103} = {9C41E9A6-3C0F-4584-975E-707F02DC1226}
	EndGlobalSection
	GlobalSection(ExtensibilityGlobals) = postSolution
		SolutionGuid = {920EDF2B-79D6-48A5-AF80-5C4256675664}
	EndGlobalSection
EndGlobal
